
Microsoft Visual Studio Solution File, Format Version 12.00
# Visual Studio Version 17
VisualStudioVersion = 17.7.34018.315
MinimumVisualStudioVersion = 10.0.40219.1
Project("{FAE04EC0-301F-11D3-BF4B-00C04F79EFBC}") = "Bibliotheca", "Bibliotheca\Bibliotheca.csproj", "{CDF7A42B-4832-4B40-8825-28DE30DF181F}"
EndProject
Project("{FAE04EC0-301F-11D3-BF4B-00C04F79EFBC}") = "BibliothecaTests", "BibliothecaTests\BibliothecaTests.csproj", "{A454BCAF-F6F4-4711-8608-6D7A4F56B223}"
EndProject
Global
	GlobalSection(SolutionConfigurationPlatforms) = preSolution
		Debug|Any CPU = Debug|Any CPU
		Release|Any CPU = Release|Any CPU
	EndGlobalSection
	GlobalSection(ProjectConfigurationPlatforms) = postSolution
		{CDF7A42B-4832-4B40-8825-28DE30DF181F}.Debug|Any CPU.ActiveCfg = Debug|Any CPU
		{CDF7A42B-4832-4B40-8825-28DE30DF181F}.Debug|Any CPU.Build.0 = Debug|Any CPU
		{CDF7A42B-4832-4B40-8825-28DE30DF181F}.Release|Any CPU.ActiveCfg = Release|Any CPU
		{CDF7A42B-4832-4B40-8825-28DE30DF181F}.Release|Any CPU.Build.0 = Release|Any CPU
		{A454BCAF-F6F4-4711-8608-6D7A4F56B223}.Debug|Any CPU.ActiveCfg = Debug|Any CPU
		{A454BCAF-F6F4-4711-8608-6D7A4F56B223}.Debug|Any CPU.Build.0 = Debug|Any CPU
		{A454BCAF-F6F4-4711-8608-6D7A4F56B223}.Release|Any CPU.ActiveCfg = Release|Any CPU
		{A454BCAF-F6F4-4711-8608-6D7A4F56B223}.Release|Any CPU.Build.0 = Release|Any CPU
	EndGlobalSection
	GlobalSection(SolutionProperties) = preSolution
		HideSolutionNode = FALSE
	EndGlobalSection
	GlobalSection(ExtensibilityGlobals) = postSolution
		SolutionGuid = {48CE9703-C1CA-458C-BF73-29A292366B78}
	EndGlobalSection
EndGlobal
